<Solution>
  <Project Path="OnlineEdu.API/OnlineEdu.API.csproj" />
  <Project Path="OnlineEdu.Business/OnlineEdu.Business.csproj" />
  <Project Path="OnlineEdu.DataAccess/OnlineEdu.DataAccess.csproj" />
  <Project Path="OnlineEdu.DTO/OnlineEdu.DTO.csproj" />
  <Project Path="OnlineEdu.Entity/OnlineEdu.Entity.csproj" />
  <Project Path="OnlineEdu.WebUI/OnlineEdu.WebUI.csproj" Id="e37ec6da-7150-4dcb-b32a-628ecd11cbc0" />
</Solution>
